// !$*UTF8*$!
{
	archiveVersion = 1;
	classes = {
	};
	objectVersion = 77;
	objects = {

/* Begin PBXContainerItemProxy section */
		AA544F092DAACFA700C6E21A /* PBXContainerItemProxy */ = {
			isa = PBXContainerItemProxy;
			containerPortal = AA544EF32DAACFA400C6E21A /* Project object */;
			proxyType = 1;
			remoteGlobalIDString = AA544EFA2DAACFA400C6E21A;
			remoteInfo = HealthAndWellness;
		};
		AA544F132DAACFA700C6E21A /* PBXContainerItemProxy */ = {
			isa = PBXContainerItemProxy;
			containerPortal = AA544EF32DAACFA400C6E21A /* Project object */;
			proxyType = 1;
			remoteGlobalIDString = AA544EFA2DAACFA400C6E21A;
			remoteInfo = HealthAndWellness;
		};
/* End PBXContainerItemProxy section */

/* Begin PBXFileReference section */
		AA544EFB2DAACFA400C6E21A /* HealthAndWellness.app */ = {isa = PBXFileReference; explicitFileType = wrapper.application; includeInIndex = 0; path = HealthAndWellness.app; sourceTree = BUILT_PRODUCTS_DIR; };
		AA544F082DAACFA700C6E21A /* HealthAndWellnessTests.xctest */ = {isa = PBXFileReference; explicitFileType = wrapper.cfbundle; includeInIndex = 0; path = HealthAndWellnessTests.xctest; sourceTree = BUILT_PRODUCTS_DIR; };
		AA544F122DAACFA700C6E21A /* HealthAndWellnessUITests.xctest */ = {isa = PBXFileReference; explicitFileType = wrapper.cfbundle; includeInIndex = 0; path = HealthAndWellnessUITests.xctest; sourceTree = BUILT_PRODUCTS_DIR; };
/* End PBXFileReference section */

/* Begin PBXFileSystemSynchronizedBuildFileExceptionSet section */
		AA544F842DAAF6F700C6E21A /* Exceptions for "HealthAndWellness" folder in "HealthAndWellnessTests" target */ = {
			isa = PBXFileSystemSynchronizedBuildFileExceptionSet;
			membershipExceptions = (
				Dashboard/DashboardDream.swift,
			);
			target = AA544F072DAACFA700C6E21A /* HealthAndWellnessTests */;
		};
		AA544F852DAAF6F700C6E21A /* Exceptions for "HealthAndWellness" folder in "HealthAndWellnessUITests" target */ = {
			isa = PBXFileSystemSynchronizedBuildFileExceptionSet;
			membershipExceptions = (
				Dashboard/DashboardDream.swift,
			);
			target = AA544F112DAACFA700C6E21A /* HealthAndWellnessUITests */;
		};
/* End PBXFileSystemSynchronizedBuildFileExceptionSet section */

/* Begin PBXFileSystemSynchronizedRootGroup section */
		AA544EFD2DAACFA400C6E21A /* HealthAndWellness */ = {
			isa = PBXFileSystemSynchronizedRootGroup;
			exceptions = (
				AA544F842DAAF6F700C6E21A /* Exceptions for "HealthAndWellness" folder in "HealthAndWellnessTests" target */,
				AA544F852DAAF6F700C6E21A /* Exceptions for "HealthAndWellness" folder in "HealthAndWellnessUITests" target */,
			);
			path = HealthAndWellness;
			sourceTree = "<group>";
		};
		AA544F0B2DAACFA700C6E21A /* HealthAndWellnessTests */ = {
			isa = PBXFileSystemSynchronizedRootGroup;
			path = HealthAndWellnessTests;
			sourceTree = "<group>";
		};
		AA544F152DAACFA700C6E21A /* HealthAndWellnessUITests */ = {
			isa = PBXFileSystemSynchronizedRootGroup;
			path = HealthAndWellnessUITests;
			sourceTree = "<group>";
		};
/* End PBXFileSystemSynchronizedRootGroup section */

/* Begin PBXFrameworksBuildPhase section */
		AA544EF82DAACFA400C6E21A /* Frameworks */ = {
			isa = PBXFrameworksBuildPhase;
			buildActionMask = 2147483647;
			files = (
			);
			runOnlyForDeploymentPostprocessing = 0;
		};
		AA544F052DAACFA700C6E21A /* Frameworks */ = {
			isa = PBXFrameworksBuildPhase;
			buildActionMask = 2147483647;
			files = (
			);
			runOnlyForDeploymentPostprocessing = 0;
		};
		AA544F0F2DAACFA700C6E21A /* Frameworks */ = {
			isa = PBXFrameworksBuildPhase;
			buildActionMask = 2147483647;
			files = (
			);
			runOnlyForDeploymentPostprocessing = 0;
		};
/* End PBXFrameworksBuildPhase section */

/* Begin PBXGroup section */
		AA544EF22DAACFA400C6E21A = {
			isa = PBXGroup;
			children = (
				AA544EFD2DAACFA400C6E21A /* HealthAndWellness */,
				AA544F0B2DAACFA700C6E21A /* HealthAndWellnessTests */,
				AA544F152DAACFA700C6E21A /* HealthAndWellnessUITests */,
				AA544EFC2DAACFA400C6E21A /* Products */,
			);
			sourceTree = "<group>";
		};
		AA544EFC2DAACFA400C6E21A /* Products */ = {
			isa = PBXGroup;
			children = (
				AA544EFB2DAACFA400C6E21A /* HealthAndWellness.app */,
				AA544F082DAACFA700C6E21A /* HealthAndWellnessTests.xctest */,
				AA544F122DAACFA700C6E21A /* HealthAndWellnessUITests.xctest */,
			);
			name = Products;
			sourceTree = "<group>";
		};
/* End PBXGroup section */

/* Begin PBXNativeTarget section */
		AA544EFA2DAACFA400C6E21A /* HealthAndWellness */ = {
			isa = PBXNativeTarget;
			buildConfigurationList = AA544F1C2DAACFA700C6E21A /* Build configuration list for PBXNativeTarget "HealthAndWellness" */;
			buildPhases = (
				AA544EF72DAACFA400C6E21A /* Sources */,
				AA544EF82DAACFA400C6E21A /* Frameworks */,
				AA544EF92DAACFA400C6E21A /* Resources */,
			);
			buildRules = (
			);
			dependencies = (
			);
			fileSystemSynchronizedGroups = (
				AA544EFD2DAACFA400C6E21A /* HealthAndWellness */,
			);
			name = HealthAndWellness;
			packageProductDependencies = (
			);
			productName = HealthAndWellness;
			productReference = AA544EFB2DAACFA400C6E21A /* HealthAndWellness.app */;
			productType = "com.apple.product-type.application";
		};
		AA544F072DAACFA700C6E21A /* HealthAndWellnessTests */ = {
			isa = PBXNativeTarget;
			buildConfigurationList = AA544F1F2DAACFA700C6E21A /* Build configuration list for PBXNativeTarget "HealthAndWellnessTests" */;
			buildPhases = (
				AA544F042DAACFA700C6E21A /* Sources */,
				AA544F052DAACFA700C6E21A /* Frameworks */,
				AA544F062DAACFA700C6E21A /* Resources */,
			);
			buildRules = (
			);
			dependencies = (
				AA544F0A2DAACFA700C6E21A /* PBXTargetDependency */,
			);
			fileSystemSynchronizedGroups = (
				AA544F0B2DAACFA700C6E21A /* HealthAndWellnessTests */,
			);
			name = HealthAndWellnessTests;
			packageProductDependencies = (
			);
			productName = HealthAndWellnessTests;
			productReference = AA544F082DAACFA700C6E21A /* HealthAndWellnessTests.xctest */;
			productType = "com.apple.product-type.bundle.unit-test";
		};
		AA544F112DAACFA700C6E21A /* HealthAndWellnessUITests */ = {
			isa = PBXNativeTarget;
			buildConfigurationList = AA544F222DAACFA700C6E21A /* Build configuration list for PBXNativeTarget "HealthAndWellnessUITests" */;
			buildPhases = (
				AA544F0E2DAACFA700C6E21A /* Sources */,
				AA544F0F2DAACFA700C6E21A /* Frameworks */,
				AA544F102DAACFA700C6E21A /* Resources */,
			);
			buildRules = (
			);
			dependencies = (
				AA544F142DAACFA700C6E21A /* PBXTargetDependency */,
			);
			fileSystemSynchronizedGroups = (
				AA544F152DAACFA700C6E21A /* HealthAndWellnessUITests */,
			);
			name = HealthAndWellnessUITests;
			packageProductDependencies = (
			);
			productName = HealthAndWellnessUITests;
			productReference = AA544F122DAACFA700C6E21A /* HealthAndWellnessUITests.xctest */;
			productType = "com.apple.product-type.bundle.ui-testing";
		};
/* End PBXNativeTarget section */

/* Begin PBXProject section */
		AA544EF32DAACFA400C6E21A /* Project object */ = {
			isa = PBXProject;
			attributes = {
				BuildIndependentTargetsInParallel = 1;
				LastSwiftUpdateCheck = 1630;
				LastUpgradeCheck = 1630;
				TargetAttributes = {
					AA544EFA2DAACFA400C6E21A = {
						CreatedOnToolsVersion = 16.3;
					};
					AA544F072DAACFA700C6E21A = {
						CreatedOnToolsVersion = 16.3;
						TestTargetID = AA544EFA2DAACFA400C6E21A;
					};
					AA544F112DAACFA700C6E21A = {
						CreatedOnToolsVersion = 16.3;
						TestTargetID = AA544EFA2DAACFA400C6E21A;
					};
				};
			};
			buildConfigurationList = AA544EF62DAACFA400C6E21A /* Build configuration list for PBXProject "HealthAndWellness" */;
			developmentRegion = en;
			hasScannedForEncodings = 0;
			knownRegions = (
				en,
				Base,
			);
			mainGroup = AA544EF22DAACFA400C6E21A;
			minimizedProjectReferenceProxies = 1;
			preferredProjectObjectVersion = 77;
			productRefGroup = AA544EFC2DAACFA400C6E21A /* Products */;
			projectDirPath = "";
			projectRoot = "";
			targets = (
				AA544EFA2DAACFA400C6E21A /* HealthAndWellness */,
				AA544F072DAACFA700C6E21A /* HealthAndWellnessTests */,
				AA544F112DAACFA700C6E21A /* HealthAndWellnessUITests */,
			);
		};
/* End PBXProject section */

/* Begin PBXResourcesBuildPhase section */
		AA544EF92DAACFA400C6E21A /* Resources */ = {
			isa = PBXResourcesBuildPhase;
			buildActionMask = 2147483647;
			files = (
			);
			runOnlyForDeploymentPostprocessing = 0;
		};
		AA544F062DAACFA700C6E21A /* Resources */ = {
			isa = PBXResourcesBuildPhase;
			buildActionMask = 2147483647;
			files = (
			);
			runOnlyForDeploymentPostprocessing = 0;
		};
		AA544F102DAACFA700C6E21A /* Resources */ = {
			isa = PBXResourcesBuildPhase;
			buildActionMask = 2147483647;
			files = (
			);
			runOnlyForDeploymentPostprocessing = 0;
		};
/* End PBXResourcesBuildPhase section */

/* Begin PBXSourcesBuildPhase section */
		AA544EF72DAACFA400C6E21A /* Sources */ = {
			isa = PBXSourcesBuildPhase;
			buildActionMask = 2147483647;
			files = (
			);
			runOnlyForDeploymentPostprocessing = 0;
		};
		AA544F042DAACFA700C6E21A /* Sources */ = {
			isa = PBXSourcesBuildPhase;
			buildActionMask = 2147483647;
			files = (
			);
			runOnlyForDeploymentPostprocessing = 0;
		};
		AA544F0E2DAACFA700C6E21A /* Sources */ = {
			isa = PBXSourcesBuildPhase;
			buildActionMask = 2147483647;
			files = (
			);
			runOnlyForDeploymentPostprocessing = 0;
		};
/* End PBXSourcesBuildPhase section */

/* Begin PBXTargetDependency section */
		AA544F0A2DAACFA700C6E21A /* PBXTargetDependency */ = {
			isa = PBXTargetDependency;
			target = AA544EFA2DAACFA400C6E21A /* HealthAndWellness */;
			targetProxy = AA544F092DAACFA700C6E21A /* PBXContainerItemProxy */;
		};
		AA544F142DAACFA700C6E21A /* PBXTargetDependency */ = {
			isa = PBXTargetDependency;
			target = AA544EFA2DAACFA400C6E21A /* HealthAndWellness */;
			targetProxy = AA544F132DAACFA700C6E21A /* PBXContainerItemProxy */;
		};
/* End PBXTargetDependency section */

/* Begin XCBuildConfiguration section */
		AA544F1A2DAACFA700C6E21A /* Debug */ = {
			isa = XCBuildConfiguration;
			buildSettings = {
				ALWAYS_SEARCH_USER_PATHS = NO;
				ASSETCATALOG_COMPILER_GENERATE_SWIFT_ASSET_SYMBOL_EXTENSIONS = YES;
				CLANG_ANALYZER_NONNULL = YES;
				CLANG_ANALYZER_NUMBER_OBJECT_CONVERSION = YES_AGGRESSIVE;
				CLANG_CXX_LANGUAGE_STANDARD = "gnu++20";
				CLANG_ENABLE_MODULES = YES;
				CLANG_ENABLE_OBJC_ARC = YES;
				CLANG_ENABLE_OBJC_WEAK = YES;
				CLANG_WARN_BLOCK_CAPTURE_AUTORELEASING = YES;
				CLANG_WARN_BOOL_CONVERSION = YES;
				CLANG_WARN_COMMA = YES;
				CLANG_WARN_CONSTANT_CONVERSION = YES;
				CLANG_WARN_DEPRECATED_OBJC_IMPLEMENTATIONS = YES;
				CLANG_WARN_DIRECT_OBJC_ISA_USAGE = YES_ERROR;
				CLANG_WARN_DOCUMENTATION_COMMENTS = YES;
				CLANG_WARN_EMPTY_BODY = YES;
				CLANG_WARN_ENUM_CONVERSION = YES;
				CLANG_WARN_INFINITE_RECURSION = YES;
				CLANG_WARN_INT_CONVERSION = YES;
				CLANG_WARN_NON_LITERAL_NULL_CONVERSION = YES;
				CLANG_WARN_OBJC_IMPLICIT_RETAIN_SELF = YES;
				CLANG_WARN_OBJC_LITERAL_CONVERSION = YES;
				CLANG_WARN_OBJC_ROOT_CLASS = YES_ERROR;
				CLANG_WARN_QUOTED_INCLUDE_IN_FRAMEWORK_HEADER = YES;
				CLANG_WARN_RANGE_LOOP_ANALYSIS = YES;
				CLANG_WARN_STRICT_PROTOTYPES = YES;
				CLANG_WARN_SUSPICIOUS_MOVE = YES;
				CLANG_WARN_UNGUARDED_AVAILABILITY = YES_AGGRESSIVE;
				CLANG_WARN_UNREACHABLE_CODE = YES;
				CLANG_WARN__DUPLICATE_METHOD_MATCH = YES;
				COPY_PHASE_STRIP = NO;
				DEBUG_INFORMATION_FORMAT = dwarf;
				DEVELOPMENT_TEAM = LS4353UCK7;
				ENABLE_STRICT_OBJC_MSGSEND = YES;
				ENABLE_TESTABILITY = YES;
				ENABLE_USER_SCRIPT_SANDBOXING = YES;
				GCC_C_LANGUAGE_STANDARD = gnu17;
				GCC_DYNAMIC_NO_PIC = NO;
				GCC_NO_COMMON_BLOCKS = YES;
				GCC_OPTIMIZATION_LEVEL = 0;
				GCC_PREPROCESSOR_DEFINITIONS = (
					"DEBUG=1",
					"$(inherited)",
				);
				GCC_WARN_64_TO_32_BIT_CONVERSION = YES;
				GCC_WARN_ABOUT_RETURN_TYPE = YES_ERROR;
				GCC_WARN_UNDECLARED_SELECTOR = YES;
				GCC_WARN_UNINITIALIZED_AUTOS = YES_AGGRESSIVE;
				GCC_WARN_UNUSED_FUNCTION = YES;
				GCC_WARN_UNUSED_VARIABLE = YES;
				IPHONEOS_DEPLOYMENT_TARGET = 18.4;
				LOCALIZATION_PREFERS_STRING_CATALOGS = YES;
				MTL_ENABLE_DEBUG_INFO = INCLUDE_SOURCE;
				MTL_FAST_MATH = YES;
				ONLY_ACTIVE_ARCH = YES;
				SDKROOT = iphoneos;
				SWIFT_ACTIVE_COMPILATION_CONDITIONS = "DEBUG $(inherited)";
				SWIFT_OPTIMIZATION_LEVEL = "-Onone";
			};
			name = Debug;
		};
		AA544F1B2DAACFA700C6E21A /* Release */ = {
			isa = XCBuildConfiguration;
			buildSettings = {
				ALWAYS_SEARCH_USER_PATHS = NO;
				ASSETCATALOG_COMPILER_GENERATE_SWIFT_ASSET_SYMBOL_EXTENSIONS = YES;
				CLANG_ANALYZER_NONNULL = YES;
				CLANG_ANALYZER_NUMBER_OBJECT_CONVERSION = YES_AGGRESSIVE;
				CLANG_CXX_LANGUAGE_STANDARD = "gnu++20";
				CLANG_ENABLE_MODULES = YES;
				CLANG_ENABLE_OBJC_ARC = YES;
				CLANG_ENABLE_OBJC_WEAK = YES;
				CLANG_WARN_BLOCK_CAPTURE_AUTORELEASING = YES;
				CLANG_WARN_BOOL_CONVERSION = YES;
				CLANG_WARN_COMMA = YES;
				CLANG_WARN_CONSTANT_CONVERSION = YES;
				CLANG_WARN_DEPRECATED_OBJC_IMPLEMENTATIONS = YES;
				CLANG_WARN_DIRECT_OBJC_ISA_USAGE = YES_ERROR;
				CLANG_WARN_DOCUMENTATION_COMMENTS = YES;
				CLANG_WARN_EMPTY_BODY = YES;
				CLANG_WARN_ENUM_CONVERSION = YES;
				CLANG_WARN_INFINITE_RECURSION = YES;
				CLANG_WARN_INT_CONVERSION = YES;
				CLANG_WARN_NON_LITERAL_NULL_CONVERSION = YES;
				CLANG_WARN_OBJC_IMPLICIT_RETAIN_SELF = YES;
				CLANG_WARN_OBJC_LITERAL_CONVERSION = YES;
				CLANG_WARN_OBJC_ROOT_CLASS = YES_ERROR;
				CLANG_WARN_QUOTED_INCLUDE_IN_FRAMEWORK_HEADER = YES;
				CLANG_WARN_RANGE_LOOP_ANALYSIS = YES;
				CLANG_WARN_STRICT_PROTOTYPES = YES;
				CLANG_WARN_SUSPICIOUS_MOVE = YES;
				CLANG_WARN_UNGUARDED_AVAILABILITY = YES_AGGRESSIVE;
				CLANG_WARN_UNREACHABLE_CODE = YES;
				CLANG_WARN__DUPLICATE_METHOD_MATCH = YES;
				COPY_PHASE_STRIP = NO;
				DEBUG_INFORMATION_FORMAT = "dwarf-with-dsym";
				DEVELOPMENT_TEAM = LS4353UCK7;
				ENABLE_NS_ASSERTIONS = NO;
				ENABLE_STRICT_OBJC_MSGSEND = YES;
				ENABLE_USER_SCRIPT_SANDBOXING = YES;
				GCC_C_LANGUAGE_STANDARD = gnu17;
				GCC_NO_COMMON_BLOCKS = YES;
				GCC_WARN_64_TO_32_BIT_CONVERSION = YES;
				GCC_WARN_ABOUT_RETURN_TYPE = YES_ERROR;
				GCC_WARN_UNDECLARED_SELECTOR = YES;
				GCC_WARN_UNINITIALIZED_AUTOS = YES_AGGRESSIVE;
				GCC_WARN_UNUSED_FUNCTION = YES;
				GCC_WARN_UNUSED_VARIABLE = YES;
				IPHONEOS_DEPLOYMENT_TARGET = 18.4;
				LOCALIZATION_PREFERS_STRING_CATALOGS = YES;
				MTL_ENABLE_DEBUG_INFO = NO;
				MTL_FAST_MATH = YES;
				SDKROOT = iphoneos;
				SWIFT_COMPILATION_MODE = wholemodule;
				VALIDATE_PRODUCT = YES;
			};
			name = Release;
		};
		AA544F1D2DAACFA700C6E21A /* Debug */ = {
			isa = XCBuildConfiguration;
			buildSettings = {
				ASSETCATALOG_COMPILER_APPICON_NAME = AppIcon;
				ASSETCATALOG_COMPILER_GLOBAL_ACCENT_COLOR_NAME = AccentColor;
				CODE_SIGN_STYLE = Automatic;
				CURRENT_PROJECT_VERSION = 1;
				DEVELOPMENT_TEAM = LS4353UCK7;
				ENABLE_PREVIEWS = YES;
				GENERATE_INFOPLIST_FILE = YES;
				INFOPLIST_KEY_UIApplicationSceneManifest_Generation = YES;
				INFOPLIST_KEY_UIApplicationSupportsIndirectInputEvents = YES;
				INFOPLIST_KEY_UILaunchScreen_Generation = YES;
				INFOPLIST_KEY_UISupportedInterfaceOrientations_iPad = "UIInterfaceOrientationPortrait UIInterfaceOrientationPortraitUpsideDown UIInterfaceOrientationLandscapeLeft UIInterfaceOrientationLandscapeRight";
				INFOPLIST_KEY_UISupportedInterfaceOrientations_iPhone = "UIInterfaceOrientationPortrait UIInterfaceOrientationLandscapeLeft UIInterfaceOrientationLandscapeRight";
				LD_RUNPATH_SEARCH_PATHS = (
					"$(inherited)",
					"@executable_path/Frameworks",
				);
				MARKETING_VERSION = 1.0;
				PRODUCT_BUNDLE_IDENTIFIER = com.MathiasTech.Innovations.HealthAndWellness;
				PRODUCT_NAME = "$(TARGET_NAME)";
				SWIFT_EMIT_LOC_STRINGS = YES;
				SWIFT_VERSION = 5.0;
				TARGETED_DEVICE_FAMILY = "1,2";
			};
			name = Debug;
		};
		AA544F1E2DAACFA700C6E21A /* Release */ = {
			isa = XCBuildConfiguration;
			buildSettings = {
				ASSETCATALOG_COMPILER_APPICON_NAME = AppIcon;
				ASSETCATALOG_COMPILER_GLOBAL_ACCENT_COLOR_NAME = AccentColor;
				CODE_SIGN_STYLE = Automatic;
				CURRENT_PROJECT_VERSION = 1;
				DEVELOPMENT_TEAM = LS4353UCK7;
				ENABLE_PREVIEWS = YES;
				GENERATE_INFOPLIST_FILE = YES;
				INFOPLIST_KEY_UIApplicationSceneManifest_Generation = YES;
				INFOPLIST_KEY_UIApplicationSupportsIndirectInputEvents = YES;
				INFOPLIST_KEY_UILaunchScreen_Generation = YES;
				INFOPLIST_KEY_UISupportedInterfaceOrientations_iPad = "UIInterfaceOrientationPortrait UIInterfaceOrientationPortraitUpsideDown UIInterfaceOrientationLandscapeLeft UIInterfaceOrientationLandscapeRight";
				INFOPLIST_KEY_UISupportedInterfaceOrientations_iPhone = "UIInterfaceOrientationPortrait UIInterfaceOrientationLandscapeLeft UIInterfaceOrientationLandscapeRight";
				LD_RUNPATH_SEARCH_PATHS = (
					"$(inherited)",
					"@executable_path/Frameworks",
				);
				MARKETING_VERSION = 1.0;
				PRODUCT_BUNDLE_IDENTIFIER = com.MathiasTech.Innovations.HealthAndWellness;
				PRODUCT_NAME = "$(TARGET_NAME)";
				SWIFT_EMIT_LOC_STRINGS = YES;
				SWIFT_VERSION = 5.0;
				TARGETED_DEVICE_FAMILY = "1,2";
			};
			name = Release;
		};
		AA544F202DAACFA700C6E21A /* Debug */ = {
			isa = XCBuildConfiguration;
			buildSettings = {
				BUNDLE_LOADER = "$(TEST_HOST)";
				CODE_SIGN_STYLE = Automatic;
				CURRENT_PROJECT_VERSION = 1;
				DEVELOPMENT_TEAM = LS4353UCK7;
				GENERATE_INFOPLIST_FILE = YES;
				IPHONEOS_DEPLOYMENT_TARGET = 18.4;
				MARKETING_VERSION = 1.0;
				PRODUCT_BUNDLE_IDENTIFIER = com.MathiasTech.Innovations.HealthAndWellnessTests;
				PRODUCT_NAME = "$(TARGET_NAME)";
				SWIFT_EMIT_LOC_STRINGS = NO;
				SWIFT_VERSION = 5.0;
				TARGETED_DEVICE_FAMILY = "1,2";
				TEST_HOST = "$(BUILT_PRODUCTS_DIR)/HealthAndWellness.app/$(BUNDLE_EXECUTABLE_FOLDER_PATH)/HealthAndWellness";
			};
			name = Debug;
		};
		AA544F212DAACFA700C6E21A /* Release */ = {
			isa = XCBuildConfiguration;
			buildSettings = {
				BUNDLE_LOADER = "$(TEST_HOST)";
				CODE_SIGN_STYLE = Automatic;
				CURRENT_PROJECT_VERSION = 1;
				DEVELOPMENT_TEAM = LS4353UCK7;
				GENERATE_INFOPLIST_FILE = YES;
				IPHONEOS_DEPLOYMENT_TARGET = 18.4;
				MARKETING_VERSION = 1.0;
				PRODUCT_BUNDLE_IDENTIFIER = com.MathiasTech.Innovations.HealthAndWellnessTests;
				PRODUCT_NAME = "$(TARGET_NAME)";
				SWIFT_EMIT_LOC_STRINGS = NO;
				SWIFT_VERSION = 5.0;
				TARGETED_DEVICE_FAMILY = "1,2";
				TEST_HOST = "$(BUILT_PRODUCTS_DIR)/HealthAndWellness.app/$(BUNDLE_EXECUTABLE_FOLDER_PATH)/HealthAndWellness";
			};
			name = Release;
		};
		AA544F232DAACFA700C6E21A /* Debug */ = {
			isa = XCBuildConfiguration;
			buildSettings = {
				CODE_SIGN_STYLE = Automatic;
				CURRENT_PROJECT_VERSION = 1;
				DEVELOPMENT_TEAM = LS4353UCK7;
				GENERATE_INFOPLIST_FILE = YES;
				MARKETING_VERSION = 1.0;
				PRODUCT_BUNDLE_IDENTIFIER = com.MathiasTech.Innovations.HealthAndWellnessUITests;
				PRODUCT_NAME = "$(TARGET_NAME)";
				SWIFT_EMIT_LOC_STRINGS = NO;
				SWIFT_VERSION = 5.0;
				TARGETED_DEVICE_FAMILY = "1,2";
				TEST_TARGET_NAME = HealthAndWellness;
			};
			name = Debug;
		};
		AA544F242DAACFA700C6E21A /* Release */ = {
			isa = XCBuildConfiguration;
			buildSettings = {
				CODE_SIGN_STYLE = Automatic;
				CURRENT_PROJECT_VERSION = 1;
				DEVELOPMENT_TEAM = LS4353UCK7;
				GENERATE_INFOPLIST_FILE = YES;
				MARKETING_VERSION = 1.0;
				PRODUCT_BUNDLE_IDENTIFIER = com.MathiasTech.Innovations.HealthAndWellnessUITests;
				PRODUCT_NAME = "$(TARGET_NAME)";
				SWIFT_EMIT_LOC_STRINGS = NO;
				SWIFT_VERSION = 5.0;
				TARGETED_DEVICE_FAMILY = "1,2";
				TEST_TARGET_NAME = HealthAndWellness;
			};
			name = Release;
		};
/* End XCBuildConfiguration section */

/* Begin XCConfigurationList section */
		AA544EF62DAACFA400C6E21A /* Build configuration list for PBXProject "HealthAndWellness" */ = {
			isa = XCConfigurationList;
			buildConfigurations = (
				AA544F1A2DAACFA700C6E21A /* Debug */,
				AA544F1B2DAACFA700C6E21A /* Release */,
			);
			defaultConfigurationIsVisible = 0;
			defaultConfigurationName = Release;
		};
		AA544F1C2DAACFA700C6E21A /* Build configuration list for PBXNativeTarget "HealthAndWellness" */ = {
			isa = XCConfigurationList;
			buildConfigurations = (
				AA544F1D2DAACFA700C6E21A /* Debug */,
				AA544F1E2DAACFA700C6E21A /* Release */,
			);
			defaultConfigurationIsVisible = 0;
			defaultConfigurationName = Release;
		};
		AA544F1F2DAACFA700C6E21A /* Build configuration list for PBXNativeTarget "HealthAndWellnessTests" */ = {
			isa = XCConfigurationList;
			buildConfigurations = (
				AA544F202DAACFA700C6E21A /* Debug */,
				AA544F212DAACFA700C6E21A /* Release */,
			);
			defaultConfigurationIsVisible = 0;
			defaultConfigurationName = Release;
		};
		AA544F222DAACFA700C6E21A /* Build configuration list for PBXNativeTarget "HealthAndWellnessUITests" */ = {
			isa = XCConfigurationList;
			buildConfigurations = (
				AA544F232DAACFA700C6E21A /* Debug */,
				AA544F242DAACFA700C6E21A /* Release */,
			);
			defaultConfigurationIsVisible = 0;
			defaultConfigurationName = Release;
		};
/* End XCConfigurationList section */
	};
	rootObject = AA544EF32DAACFA400C6E21A /* Project object */;
}
